Microsoft Visual Studio Solution File, Format Version 12.00
# Visual Studio Version 17
VisualStudioVersion = 17.5.2.0
MinimumVisualStudioVersion = 10.0.40219.1
Project("{FAE04EC0-301F-11D3-BF4B-00C04F79EFBC}") = "FoodOrderingSystem.API", "FoodOrderingSystem.API.csproj", "{34477FC2-4D02-41D4-FA0F-CA43DED061D3}"
EndProject
Global
	GlobalSection(SolutionConfigurationPlatforms) = preSolution
		Debug|Any CPU = Debug|Any CPU
		Release|Any CPU = Release|Any CPU
	EndGlobalSection
	GlobalSection(ProjectConfigurationPlatforms) = postSolution
		{34477FC2-4D02-41D4-FA0F-CA43DED061D3}.Debug|Any CPU.ActiveCfg = Debug|Any CPU
		{34477FC2-4D02-41D4-FA0F-CA43DED061D3}.Debug|Any CPU.Build.0 = Debug|Any CPU
		{34477FC2-4D02-41D4-FA0F-CA43DED061D3}.Release|Any CPU.ActiveCfg = Release|Any CPU
		{34477FC2-4D02-41D4-FA0F-CA43DED061D3}.Release|Any CPU.Build.0 = Release|Any CPU
	EndGlobalSection
	GlobalSection(SolutionProperties) = preSolution
		HideSolutionNode = FALSE
	EndGlobalSection
	GlobalSection(ExtensibilityGlobals) = postSolution
		SolutionGuid = {FC69E6CF-28E1-40FA-A479-CF7502146EF1}
	EndGlobalSection
EndGlobal
